
Microsoft Visual Studio Solution File, Format Version 12.00
Project("{FAE04EC0-301F-11D3-BF4B-00C04F79EFBC}") = "Glow.PrettyFOMOD", "Glow.PrettyFOMOD\Glow.PrettyFOMOD.csproj", "{C6E4A6CC-1F02-4735-8230-84BDFC7EA25B}"
EndProject
Project("{FAE04EC0-301F-11D3-BF4B-00C04F79EFBC}") = "Glow.PrettyFOMOD.GUI", "Glow.PrettyFOMOD.GUI\Glow.PrettyFOMOD.GUI.csproj", "{724AFBB4-DCB5-412D-8754-09B09C1DEC9A}"
EndProject
Global
	GlobalSection(SolutionConfigurationPlatforms) = preSolution
		Debug|Any CPU = Debug|Any CPU
		Release|Any CPU = Release|Any CPU
	EndGlobalSection
	GlobalSection(ProjectConfigurationPlatforms) = postSolution
		{C6E4A6CC-1F02-4735-8230-84BDFC7EA25B}.Debug|Any CPU.ActiveCfg = Debug|Any CPU
		{C6E4A6CC-1F02-4735-8230-84BDFC7EA25B}.Debug|Any CPU.Build.0 = Debug|Any CPU
		{C6E4A6CC-1F02-4735-8230-84BDFC7EA25B}.Release|Any CPU.ActiveCfg = Release|Any CPU
		{C6E4A6CC-1F02-4735-8230-84BDFC7EA25B}.Release|Any CPU.Build.0 = Release|Any CPU
		{724AFBB4-DCB5-412D-8754-09B09C1DEC9A}.Debug|Any CPU.ActiveCfg = Debug|Any CPU
		{724AFBB4-DCB5-412D-8754-09B09C1DEC9A}.Debug|Any CPU.Build.0 = Debug|Any CPU
		{724AFBB4-DCB5-412D-8754-09B09C1DEC9A}.Release|Any CPU.ActiveCfg = Release|Any CPU
		{724AFBB4-DCB5-412D-8754-09B09C1DEC9A}.Release|Any CPU.Build.0 = Release|Any CPU
	EndGlobalSection
EndGlobal
